
Microsoft Visual Studio Solution File, Format Version 12.00
# Visual Studio Version 17
VisualStudioVersion = 17.4.33110.190
MinimumVisualStudioVersion = 10.0.40219.1
Project("{9A19103F-16F7-4668-BE54-9A1E7A4F7556}") = "UseCase2_NET_Senior_Dima_Panteliuk", "UseCase2_NET_Senior_Dima_Panteliuk\UseCase2_NET_Senior_Dima_Panteliuk.csproj", "{A56C8589-4137-41C6-995F-A38394C959D7}"
EndProject
Project("{2150E333-8FDC-42A3-9474-1A3956D46DE8}") = "Solution Items", "Solution Items", "{3DB5B1EF-F74A-4948-B2FA-97425FA44C33}"
	ProjectSection(SolutionItems) = preProject
		Readme.md = Readme.md
	EndProjectSection
EndProject
Global
	GlobalSection(SolutionConfigurationPlatforms) = preSolution
		Debug|Any CPU = Debug|Any CPU
		Release|Any CPU = Release|Any CPU
	EndGlobalSection
	GlobalSection(ProjectConfigurationPlatforms) = postSolution
		{A56C8589-4137-41C6-995F-A38394C959D7}.Debug|Any CPU.ActiveCfg = Debug|Any CPU
		{A56C8589-4137-41C6-995F-A38394C959D7}.Debug|Any CPU.Build.0 = Debug|Any CPU
		{A56C8589-4137-41C6-995F-A38394C959D7}.Release|Any CPU.ActiveCfg = Release|Any CPU
		{A56C8589-4137-41C6-995F-A38394C959D7}.Release|Any CPU.Build.0 = Release|Any CPU
	EndGlobalSection
	GlobalSection(SolutionProperties) = preSolution
		HideSolutionNode = FALSE
	EndGlobalSection
	GlobalSection(ExtensibilityGlobals) = postSolution
		SolutionGuid = {CA9C2412-E2B2-425C-889A-3BEB66B9DF3F}
	EndGlobalSection
EndGlobal
