
Microsoft Visual Studio Solution File, Format Version 12.00
# Visual Studio Version 17
VisualStudioVersion = 17.4.33110.190
MinimumVisualStudioVersion = 10.0.40219.1
Project("{9A19103F-16F7-4668-BE54-9A1E7A4F7556}") = "UseCase2_NET_Senior_Dima_Panteliuk", "UseCase2_NET_Senior_Dima_Panteliuk\UseCase2_NET_Senior_Dima_Panteliuk.csproj", "{4182C43E-5368-47E6-B166-370F47B9B7EE}"
EndProject
Project("{9A19103F-16F7-4668-BE54-9A1E7A4F7556}") = "UseCase2_NET_Senior_Dima_Panteliuk_Tests", "UseCase2_NET_Senior_Dima_Panteliuk_Tests\UseCase2_NET_Senior_Dima_Panteliuk_Tests.csproj", "{6796DD15-F7BA-48D9-8AB3-6A4B7EE5A640}"
EndProject
Global
	GlobalSection(SolutionConfigurationPlatforms) = preSolution
		Debug|Any CPU = Debug|Any CPU
		Release|Any CPU = Release|Any CPU
	EndGlobalSection
	GlobalSection(ProjectConfigurationPlatforms) = postSolution
		{4182C43E-5368-47E6-B166-370F47B9B7EE}.Debug|Any CPU.ActiveCfg = Debug|Any CPU
		{4182C43E-5368-47E6-B166-370F47B9B7EE}.Debug|Any CPU.Build.0 = Debug|Any CPU
		{4182C43E-5368-47E6-B166-370F47B9B7EE}.Release|Any CPU.ActiveCfg = Release|Any CPU
		{4182C43E-5368-47E6-B166-370F47B9B7EE}.Release|Any CPU.Build.0 = Release|Any CPU
		{6796DD15-F7BA-48D9-8AB3-6A4B7EE5A640}.Debug|Any CPU.ActiveCfg = Debug|Any CPU
		{6796DD15-F7BA-48D9-8AB3-6A4B7EE5A640}.Debug|Any CPU.Build.0 = Debug|Any CPU
		{6796DD15-F7BA-48D9-8AB3-6A4B7EE5A640}.Release|Any CPU.ActiveCfg = Release|Any CPU
		{6796DD15-F7BA-48D9-8AB3-6A4B7EE5A640}.Release|Any CPU.Build.0 = Release|Any CPU
	EndGlobalSection
	GlobalSection(SolutionProperties) = preSolution
		HideSolutionNode = FALSE
	EndGlobalSection
	GlobalSection(ExtensibilityGlobals) = postSolution
		SolutionGuid = {3393CF9D-CAB3-48B7-9559-2F20C57331B6}
	EndGlobalSection
EndGlobal
